
Microsoft Visual Studio Solution File, Format Version 12.00
# Visual Studio 15
VisualStudioVersion = 15.0.28307.106
MinimumVisualStudioVersion = 10.0.40219.1
Project("{2150E333-8FDC-42A3-9474-1A3956D46DE8}") = "Lesson2", "Lesson2", "{A2B95CE6-97D3-4A09-9E00-961BD95BDD5C}"
EndProject
Project("{2150E333-8FDC-42A3-9474-1A3956D46DE8}") = "Lesson3", "Lesson3", "{836025FC-1D13-4439-AC10-8E84A17F1895}"
EndProject
Project("{FAE04EC0-301F-11D3-BF4B-00C04F79EFBC}") = "ArraySorting", "Lesson2\ArraySorting\ArraySorting.csproj", "{6789A60A-7421-4EB2-B507-908826D7E77B}"
EndProject
Project("{FAE04EC0-301F-11D3-BF4B-00C04F79EFBC}") = "Task1", "Lesson2\Task1\Task1.csproj", "{CEC08B96-F7D4-4679-89B9-CC28D9017EF0}"
EndProject
Project("{FAE04EC0-301F-11D3-BF4B-00C04F79EFBC}") = "Task2", "Lesson2\Task2\Task2.csproj", "{C2EBBDD5-4509-4458-A917-FD777E1011F7}"
EndProject
Project("{FAE04EC0-301F-11D3-BF4B-00C04F79EFBC}") = "Task3", "Lesson2\Task3\Task3.csproj", "{08810367-1121-4115-BBA3-CC256C644344}"
EndProject
Project("{FAE04EC0-301F-11D3-BF4B-00C04F79EFBC}") = "Task4", "Lesson2\Task4\Task4.csproj", "{2C0356C3-8A5E-4D0B-8CDE-E36142ED325E}"
EndProject
Project("{FAE04EC0-301F-11D3-BF4B-00C04F79EFBC}") = "Task5", "Lesson2\Task5\Task5.csproj", "{42F9BA5A-B32F-4863-A4B5-E75DA5402125}"
EndProject
Project("{FAE04EC0-301F-11D3-BF4B-00C04F79EFBC}") = "NumbersOfFibonacci", "..\NewHomeWork\NumbersOfFibonacci\NumbersOfFibonacci.csproj", "{82A42266-CD14-450F-B8DF-2C567C106A1E}"
EndProject
Project("{FAE04EC0-301F-11D3-BF4B-00C04F79EFBC}") = "SearchSimpleNumber", "..\NewHomeWork\SearchSimpleNumber\SearchSimpleNumber.csproj", "{BBAC64E3-9E48-4774-8B7E-C075E38A07E9}"
EndProject
Global
	GlobalSection(SolutionConfigurationPlatforms) = preSolution
		Debug|Any CPU = Debug|Any CPU
		Release|Any CPU = Release|Any CPU
	EndGlobalSection
	GlobalSection(ProjectConfigurationPlatforms) = postSolution
		{6789A60A-7421-4EB2-B507-908826D7E77B}.Debug|Any CPU.ActiveCfg = Debug|Any CPU
		{6789A60A-7421-4EB2-B507-908826D7E77B}.Debug|Any CPU.Build.0 = Debug|Any CPU
		{6789A60A-7421-4EB2-B507-908826D7E77B}.Release|Any CPU.ActiveCfg = Release|Any CPU
		{6789A60A-7421-4EB2-B507-908826D7E77B}.Release|Any CPU.Build.0 = Release|Any CPU
		{CEC08B96-F7D4-4679-89B9-CC28D9017EF0}.Debug|Any CPU.ActiveCfg = Debug|Any CPU
		{CEC08B96-F7D4-4679-89B9-CC28D9017EF0}.Debug|Any CPU.Build.0 = Debug|Any CPU
		{CEC08B96-F7D4-4679-89B9-CC28D9017EF0}.Release|Any CPU.ActiveCfg = Release|Any CPU
		{CEC08B96-F7D4-4679-89B9-CC28D9017EF0}.Release|Any CPU.Build.0 = Release|Any CPU
		{C2EBBDD5-4509-4458-A917-FD777E1011F7}.Debug|Any CPU.ActiveCfg = Debug|Any CPU
		{C2EBBDD5-4509-4458-A917-FD777E1011F7}.Debug|Any CPU.Build.0 = Debug|Any CPU
		{C2EBBDD5-4509-4458-A917-FD777E1011F7}.Release|Any CPU.ActiveCfg = Release|Any CPU
		{C2EBBDD5-4509-4458-A917-FD777E1011F7}.Release|Any CPU.Build.0 = Release|Any CPU
		{08810367-1121-4115-BBA3-CC256C644344}.Debug|Any CPU.ActiveCfg = Debug|Any CPU
		{08810367-1121-4115-BBA3-CC256C644344}.Debug|Any CPU.Build.0 = Debug|Any CPU
		{08810367-1121-4115-BBA3-CC256C644344}.Release|Any CPU.ActiveCfg = Release|Any CPU
		{08810367-1121-4115-BBA3-CC256C644344}.Release|Any CPU.Build.0 = Release|Any CPU
		{2C0356C3-8A5E-4D0B-8CDE-E36142ED325E}.Debug|Any CPU.ActiveCfg = Debug|Any CPU
		{2C0356C3-8A5E-4D0B-8CDE-E36142ED325E}.Debug|Any CPU.Build.0 = Debug|Any CPU
		{2C0356C3-8A5E-4D0B-8CDE-E36142ED325E}.Release|Any CPU.ActiveCfg = Release|Any CPU
		{2C0356C3-8A5E-4D0B-8CDE-E36142ED325E}.Release|Any CPU.Build.0 = Release|Any CPU
		{42F9BA5A-B32F-4863-A4B5-E75DA5402125}.Debug|Any CPU.ActiveCfg = Debug|Any CPU
		{42F9BA5A-B32F-4863-A4B5-E75DA5402125}.Debug|Any CPU.Build.0 = Debug|Any CPU
		{42F9BA5A-B32F-4863-A4B5-E75DA5402125}.Release|Any CPU.ActiveCfg = Release|Any CPU
		{42F9BA5A-B32F-4863-A4B5-E75DA5402125}.Release|Any CPU.Build.0 = Release|Any CPU
		{82A42266-CD14-450F-B8DF-2C567C106A1E}.Debug|Any CPU.ActiveCfg = Debug|Any CPU
		{82A42266-CD14-450F-B8DF-2C567C106A1E}.Debug|Any CPU.Build.0 = Debug|Any CPU
		{82A42266-CD14-450F-B8DF-2C567C106A1E}.Release|Any CPU.ActiveCfg = Release|Any CPU
		{82A42266-CD14-450F-B8DF-2C567C106A1E}.Release|Any CPU.Build.0 = Release|Any CPU
		{BBAC64E3-9E48-4774-8B7E-C075E38A07E9}.Debug|Any CPU.ActiveCfg = Debug|Any CPU
		{BBAC64E3-9E48-4774-8B7E-C075E38A07E9}.Debug|Any CPU.Build.0 = Debug|Any CPU
		{BBAC64E3-9E48-4774-8B7E-C075E38A07E9}.Release|Any CPU.ActiveCfg = Release|Any CPU
		{BBAC64E3-9E48-4774-8B7E-C075E38A07E9}.Release|Any CPU.Build.0 = Release|Any CPU
	EndGlobalSection
	GlobalSection(SolutionProperties) = preSolution
		HideSolutionNode = FALSE
	EndGlobalSection
	GlobalSection(NestedProjects) = preSolution
		{6789A60A-7421-4EB2-B507-908826D7E77B} = {A2B95CE6-97D3-4A09-9E00-961BD95BDD5C}
		{CEC08B96-F7D4-4679-89B9-CC28D9017EF0} = {A2B95CE6-97D3-4A09-9E00-961BD95BDD5C}
		{C2EBBDD5-4509-4458-A917-FD777E1011F7} = {A2B95CE6-97D3-4A09-9E00-961BD95BDD5C}
		{08810367-1121-4115-BBA3-CC256C644344} = {A2B95CE6-97D3-4A09-9E00-961BD95BDD5C}
		{2C0356C3-8A5E-4D0B-8CDE-E36142ED325E} = {A2B95CE6-97D3-4A09-9E00-961BD95BDD5C}
		{42F9BA5A-B32F-4863-A4B5-E75DA5402125} = {A2B95CE6-97D3-4A09-9E00-961BD95BDD5C}
		{82A42266-CD14-450F-B8DF-2C567C106A1E} = {836025FC-1D13-4439-AC10-8E84A17F1895}
		{BBAC64E3-9E48-4774-8B7E-C075E38A07E9} = {836025FC-1D13-4439-AC10-8E84A17F1895}
	EndGlobalSection
	GlobalSection(ExtensibilityGlobals) = postSolution
		SolutionGuid = {5C16E79F-7C32-4E97-A71E-82FD26553A38}
	EndGlobalSection
EndGlobal
