
Microsoft Visual Studio Solution File, Format Version 12.00
# Visual Studio 15
VisualStudioVersion = 15.0.28307.106
MinimumVisualStudioVersion = 10.0.40219.1
Project("{2150E333-8FDC-42A3-9474-1A3956D46DE8}") = "Lesson2", "Lesson2", "{A2B95CE6-97D3-4A09-9E00-961BD95BDD5C}"
EndProject
Project("{2150E333-8FDC-42A3-9474-1A3956D46DE8}") = "Lesson3", "Lesson3", "{836025FC-1D13-4439-AC10-8E84A17F1895}"
EndProject
Project("{FAE04EC0-301F-11D3-BF4B-00C04F79EFBC}") = "ArraySorting", "Lesson2\ArraySorting\ArraySorting.csproj", "{6789A60A-7421-4EB2-B507-908826D7E77B}"
EndProject
Project("{FAE04EC0-301F-11D3-BF4B-00C04F79EFBC}") = "Task1", "Lesson2\Task1\Task1.csproj", "{CEC08B96-F7D4-4679-89B9-CC28D9017EF0}"
EndProject
Project("{FAE04EC0-301F-11D3-BF4B-00C04F79EFBC}") = "Task2", "Lesson2\Task2\Task2.csproj", "{C2EBBDD5-4509-4458-A917-FD777E1011F7}"
EndProject
Project("{FAE04EC0-301F-11D3-BF4B-00C04F79EFBC}") = "Task3", "Lesson2\Task3\Task3.csproj", "{08810367-1121-4115-BBA3-CC256C644344}"
EndProject
Project("{FAE04EC0-301F-11D3-BF4B-00C04F79EFBC}") = "Task4", "Lesson2\Task4\Task4.csproj", "{2C0356C3-8A5E-4D0B-8CDE-E36142ED325E}"
EndProject
Project("{FAE04EC0-301F-11D3-BF4B-00C04F79EFBC}") = "Task5", "Lesson2\Task5\Task5.csproj", "{42F9BA5A-B32F-4863-A4B5-E75DA5402125}"
EndProject
Project("{FAE04EC0-301F-11D3-BF4B-00C04F79EFBC}") = "NumbersOfFibonacci", "..\NewHomeWork\NumbersOfFibonacci\NumbersOfFibonacci.csproj", "{82A42266-CD14-450F-B8DF-2C567C106A1E}"
EndProject
Project("{FAE04EC0-301F-11D3-BF4B-00C04F79EFBC}") = "SearchSimpleNumber", "..\NewHomeWork\SearchSimpleNumber\SearchSimpleNumber.csproj", "{BBAC64E3-9E48-4774-8B7E-C075E38A07E9}"
EndProject
Project("{FAE04EC0-301F-11D3-BF4B-00C04F79EFBC}") = "Calculator", "Lesson3\Calculator\Calculator.csproj", "{0ADABA8F-F9D3-4C7F-B044-414D73769DA6}"
EndProject
Project("{FAE04EC0-301F-11D3-BF4B-00C04F79EFBC}") = "SearchSimpleNumber2", "Lesson3\SearchSimpleNumber2\SearchSimpleNumber2.csproj", "{530623EC-3F88-4CEB-8ABC-DFF03F8F461B}"
EndProject
Project("{FAE04EC0-301F-11D3-BF4B-00C04F79EFBC}") = "CalculationOfArea", "Lesson3\CalculationOfArea\CalculationOfArea.csproj", "{D4BE6461-D0AD-4C36-A763-B390BDD88B32}"
EndProject
Project("{FAE04EC0-301F-11D3-BF4B-00C04F79EFBC}") = "TicTacToe", "Lesson3\TicTacToe\TicTacToe.csproj", "{09F0DDD9-ED72-47F4-A492-BD8BBFE11908}"
EndProject
Project("{FAE04EC0-301F-11D3-BF4B-00C04F79EFBC}") = "AverageArray", "Lesson3\AverageArray\AverageArray.csproj", "{6E5CD7B0-3219-4A49-9FB0-F72E3A6BEEF1}"
EndProject
Project("{FAE04EC0-301F-11D3-BF4B-00C04F79EFBC}") = "TicTacToeWithAI", "Lesson3\TicTacToeWithAI\TicTacToeWithAI.csproj", "{3FBE7BAA-CC65-4003-A523-93A7C4663E30}"
EndProject
Project("{2150E333-8FDC-42A3-9474-1A3956D46DE8}") = "Lesson4", "Lesson4", "{1E544DB2-7506-42FA-AC40-973A2CB0C231}"
EndProject
Project("{FAE04EC0-301F-11D3-BF4B-00C04F79EFBC}") = "GetTreeFolders", "Lesson4\GetTreeFolders\GetTreeFolders.csproj", "{C2CDDB95-2A4E-4B7C-8DE5-F0DCF96D72DB}"
EndProject
Project("{FAE04EC0-301F-11D3-BF4B-00C04F79EFBC}") = "GetTreeFolders2", "Lesson4\GetTreeFolders2\GetTreeFolders2.csproj", "{1BD01C45-32DB-42CB-B230-A2B192174672}"
EndProject
Project("{FAE04EC0-301F-11D3-BF4B-00C04F79EFBC}") = "Notebook", "Lesson4\Notebook\Notebook.csproj", "{013C8CBC-2D54-4F7B-9B30-6EE3C44590BB}"
EndProject
Project("{FAE04EC0-301F-11D3-BF4B-00C04F79EFBC}") = "Notebook2", "Lesson4\Notebook2\Notebook2.csproj", "{8CB0482E-34CD-4A09-A282-3C73B8910C39}"
EndProject
Global
	GlobalSection(SolutionConfigurationPlatforms) = preSolution
		Debug|Any CPU = Debug|Any CPU
		Release|Any CPU = Release|Any CPU
	EndGlobalSection
	GlobalSection(ProjectConfigurationPlatforms) = postSolution
		{6789A60A-7421-4EB2-B507-908826D7E77B}.Debug|Any CPU.ActiveCfg = Debug|Any CPU
		{6789A60A-7421-4EB2-B507-908826D7E77B}.Debug|Any CPU.Build.0 = Debug|Any CPU
		{6789A60A-7421-4EB2-B507-908826D7E77B}.Release|Any CPU.ActiveCfg = Release|Any CPU
		{6789A60A-7421-4EB2-B507-908826D7E77B}.Release|Any CPU.Build.0 = Release|Any CPU
		{CEC08B96-F7D4-4679-89B9-CC28D9017EF0}.Debug|Any CPU.ActiveCfg = Debug|Any CPU
		{CEC08B96-F7D4-4679-89B9-CC28D9017EF0}.Debug|Any CPU.Build.0 = Debug|Any CPU
		{CEC08B96-F7D4-4679-89B9-CC28D9017EF0}.Release|Any CPU.ActiveCfg = Release|Any CPU
		{CEC08B96-F7D4-4679-89B9-CC28D9017EF0}.Release|Any CPU.Build.0 = Release|Any CPU
		{C2EBBDD5-4509-4458-A917-FD777E1011F7}.Debug|Any CPU.ActiveCfg = Debug|Any CPU
		{C2EBBDD5-4509-4458-A917-FD777E1011F7}.Debug|Any CPU.Build.0 = Debug|Any CPU
		{C2EBBDD5-4509-4458-A917-FD777E1011F7}.Release|Any CPU.ActiveCfg = Release|Any CPU
		{C2EBBDD5-4509-4458-A917-FD777E1011F7}.Release|Any CPU.Build.0 = Release|Any CPU
		{08810367-1121-4115-BBA3-CC256C644344}.Debug|Any CPU.ActiveCfg = Debug|Any CPU
		{08810367-1121-4115-BBA3-CC256C644344}.Debug|Any CPU.Build.0 = Debug|Any CPU
		{08810367-1121-4115-BBA3-CC256C644344}.Release|Any CPU.ActiveCfg = Release|Any CPU
		{08810367-1121-4115-BBA3-CC256C644344}.Release|Any CPU.Build.0 = Release|Any CPU
		{2C0356C3-8A5E-4D0B-8CDE-E36142ED325E}.Debug|Any CPU.ActiveCfg = Debug|Any CPU
		{2C0356C3-8A5E-4D0B-8CDE-E36142ED325E}.Debug|Any CPU.Build.0 = Debug|Any CPU
		{2C0356C3-8A5E-4D0B-8CDE-E36142ED325E}.Release|Any CPU.ActiveCfg = Release|Any CPU
		{2C0356C3-8A5E-4D0B-8CDE-E36142ED325E}.Release|Any CPU.Build.0 = Release|Any CPU
		{42F9BA5A-B32F-4863-A4B5-E75DA5402125}.Debug|Any CPU.ActiveCfg = Debug|Any CPU
		{42F9BA5A-B32F-4863-A4B5-E75DA5402125}.Debug|Any CPU.Build.0 = Debug|Any CPU
		{42F9BA5A-B32F-4863-A4B5-E75DA5402125}.Release|Any CPU.ActiveCfg = Release|Any CPU
		{42F9BA5A-B32F-4863-A4B5-E75DA5402125}.Release|Any CPU.Build.0 = Release|Any CPU
		{82A42266-CD14-450F-B8DF-2C567C106A1E}.Debug|Any CPU.ActiveCfg = Debug|Any CPU
		{82A42266-CD14-450F-B8DF-2C567C106A1E}.Debug|Any CPU.Build.0 = Debug|Any CPU
		{82A42266-CD14-450F-B8DF-2C567C106A1E}.Release|Any CPU.ActiveCfg = Release|Any CPU
		{82A42266-CD14-450F-B8DF-2C567C106A1E}.Release|Any CPU.Build.0 = Release|Any CPU
		{BBAC64E3-9E48-4774-8B7E-C075E38A07E9}.Debug|Any CPU.ActiveCfg = Debug|Any CPU
		{BBAC64E3-9E48-4774-8B7E-C075E38A07E9}.Debug|Any CPU.Build.0 = Debug|Any CPU
		{BBAC64E3-9E48-4774-8B7E-C075E38A07E9}.Release|Any CPU.ActiveCfg = Release|Any CPU
		{BBAC64E3-9E48-4774-8B7E-C075E38A07E9}.Release|Any CPU.Build.0 = Release|Any CPU
		{0ADABA8F-F9D3-4C7F-B044-414D73769DA6}.Debug|Any CPU.ActiveCfg = Debug|Any CPU
		{0ADABA8F-F9D3-4C7F-B044-414D73769DA6}.Debug|Any CPU.Build.0 = Debug|Any CPU
		{0ADABA8F-F9D3-4C7F-B044-414D73769DA6}.Release|Any CPU.ActiveCfg = Release|Any CPU
		{0ADABA8F-F9D3-4C7F-B044-414D73769DA6}.Release|Any CPU.Build.0 = Release|Any CPU
		{530623EC-3F88-4CEB-8ABC-DFF03F8F461B}.Debug|Any CPU.ActiveCfg = Debug|Any CPU
		{530623EC-3F88-4CEB-8ABC-DFF03F8F461B}.Debug|Any CPU.Build.0 = Debug|Any CPU
		{530623EC-3F88-4CEB-8ABC-DFF03F8F461B}.Release|Any CPU.ActiveCfg = Release|Any CPU
		{530623EC-3F88-4CEB-8ABC-DFF03F8F461B}.Release|Any CPU.Build.0 = Release|Any CPU
		{D4BE6461-D0AD-4C36-A763-B390BDD88B32}.Debug|Any CPU.ActiveCfg = Debug|Any CPU
		{D4BE6461-D0AD-4C36-A763-B390BDD88B32}.Debug|Any CPU.Build.0 = Debug|Any CPU
		{D4BE6461-D0AD-4C36-A763-B390BDD88B32}.Release|Any CPU.ActiveCfg = Release|Any CPU
		{D4BE6461-D0AD-4C36-A763-B390BDD88B32}.Release|Any CPU.Build.0 = Release|Any CPU
		{09F0DDD9-ED72-47F4-A492-BD8BBFE11908}.Debug|Any CPU.ActiveCfg = Debug|Any CPU
		{09F0DDD9-ED72-47F4-A492-BD8BBFE11908}.Debug|Any CPU.Build.0 = Debug|Any CPU
		{09F0DDD9-ED72-47F4-A492-BD8BBFE11908}.Release|Any CPU.ActiveCfg = Release|Any CPU
		{09F0DDD9-ED72-47F4-A492-BD8BBFE11908}.Release|Any CPU.Build.0 = Release|Any CPU
		{6E5CD7B0-3219-4A49-9FB0-F72E3A6BEEF1}.Debug|Any CPU.ActiveCfg = Debug|Any CPU
		{6E5CD7B0-3219-4A49-9FB0-F72E3A6BEEF1}.Debug|Any CPU.Build.0 = Debug|Any CPU
		{6E5CD7B0-3219-4A49-9FB0-F72E3A6BEEF1}.Release|Any CPU.ActiveCfg = Release|Any CPU
		{6E5CD7B0-3219-4A49-9FB0-F72E3A6BEEF1}.Release|Any CPU.Build.0 = Release|Any CPU
		{3FBE7BAA-CC65-4003-A523-93A7C4663E30}.Debug|Any CPU.ActiveCfg = Debug|Any CPU
		{3FBE7BAA-CC65-4003-A523-93A7C4663E30}.Debug|Any CPU.Build.0 = Debug|Any CPU
		{3FBE7BAA-CC65-4003-A523-93A7C4663E30}.Release|Any CPU.ActiveCfg = Release|Any CPU
		{3FBE7BAA-CC65-4003-A523-93A7C4663E30}.Release|Any CPU.Build.0 = Release|Any CPU
		{C2CDDB95-2A4E-4B7C-8DE5-F0DCF96D72DB}.Debug|Any CPU.ActiveCfg = Debug|Any CPU
		{C2CDDB95-2A4E-4B7C-8DE5-F0DCF96D72DB}.Debug|Any CPU.Build.0 = Debug|Any CPU
		{C2CDDB95-2A4E-4B7C-8DE5-F0DCF96D72DB}.Release|Any CPU.ActiveCfg = Release|Any CPU
		{C2CDDB95-2A4E-4B7C-8DE5-F0DCF96D72DB}.Release|Any CPU.Build.0 = Release|Any CPU
		{1BD01C45-32DB-42CB-B230-A2B192174672}.Debug|Any CPU.ActiveCfg = Debug|Any CPU
		{1BD01C45-32DB-42CB-B230-A2B192174672}.Debug|Any CPU.Build.0 = Debug|Any CPU
		{1BD01C45-32DB-42CB-B230-A2B192174672}.Release|Any CPU.ActiveCfg = Release|Any CPU
		{1BD01C45-32DB-42CB-B230-A2B192174672}.Release|Any CPU.Build.0 = Release|Any CPU
		{013C8CBC-2D54-4F7B-9B30-6EE3C44590BB}.Debug|Any CPU.ActiveCfg = Debug|Any CPU
		{013C8CBC-2D54-4F7B-9B30-6EE3C44590BB}.Debug|Any CPU.Build.0 = Debug|Any CPU
		{013C8CBC-2D54-4F7B-9B30-6EE3C44590BB}.Release|Any CPU.ActiveCfg = Release|Any CPU
		{013C8CBC-2D54-4F7B-9B30-6EE3C44590BB}.Release|Any CPU.Build.0 = Release|Any CPU
		{8CB0482E-34CD-4A09-A282-3C73B8910C39}.Debug|Any CPU.ActiveCfg = Debug|Any CPU
		{8CB0482E-34CD-4A09-A282-3C73B8910C39}.Debug|Any CPU.Build.0 = Debug|Any CPU
		{8CB0482E-34CD-4A09-A282-3C73B8910C39}.Release|Any CPU.ActiveCfg = Release|Any CPU
		{8CB0482E-34CD-4A09-A282-3C73B8910C39}.Release|Any CPU.Build.0 = Release|Any CPU
	EndGlobalSection
	GlobalSection(SolutionProperties) = preSolution
		HideSolutionNode = FALSE
	EndGlobalSection
	GlobalSection(NestedProjects) = preSolution
		{6789A60A-7421-4EB2-B507-908826D7E77B} = {A2B95CE6-97D3-4A09-9E00-961BD95BDD5C}
		{CEC08B96-F7D4-4679-89B9-CC28D9017EF0} = {A2B95CE6-97D3-4A09-9E00-961BD95BDD5C}
		{C2EBBDD5-4509-4458-A917-FD777E1011F7} = {A2B95CE6-97D3-4A09-9E00-961BD95BDD5C}
		{08810367-1121-4115-BBA3-CC256C644344} = {A2B95CE6-97D3-4A09-9E00-961BD95BDD5C}
		{2C0356C3-8A5E-4D0B-8CDE-E36142ED325E} = {A2B95CE6-97D3-4A09-9E00-961BD95BDD5C}
		{42F9BA5A-B32F-4863-A4B5-E75DA5402125} = {A2B95CE6-97D3-4A09-9E00-961BD95BDD5C}
		{82A42266-CD14-450F-B8DF-2C567C106A1E} = {836025FC-1D13-4439-AC10-8E84A17F1895}
		{BBAC64E3-9E48-4774-8B7E-C075E38A07E9} = {836025FC-1D13-4439-AC10-8E84A17F1895}
		{0ADABA8F-F9D3-4C7F-B044-414D73769DA6} = {836025FC-1D13-4439-AC10-8E84A17F1895}
		{530623EC-3F88-4CEB-8ABC-DFF03F8F461B} = {836025FC-1D13-4439-AC10-8E84A17F1895}
		{D4BE6461-D0AD-4C36-A763-B390BDD88B32} = {836025FC-1D13-4439-AC10-8E84A17F1895}
		{09F0DDD9-ED72-47F4-A492-BD8BBFE11908} = {836025FC-1D13-4439-AC10-8E84A17F1895}
		{6E5CD7B0-3219-4A49-9FB0-F72E3A6BEEF1} = {836025FC-1D13-4439-AC10-8E84A17F1895}
		{3FBE7BAA-CC65-4003-A523-93A7C4663E30} = {836025FC-1D13-4439-AC10-8E84A17F1895}
		{C2CDDB95-2A4E-4B7C-8DE5-F0DCF96D72DB} = {1E544DB2-7506-42FA-AC40-973A2CB0C231}
		{1BD01C45-32DB-42CB-B230-A2B192174672} = {1E544DB2-7506-42FA-AC40-973A2CB0C231}
		{013C8CBC-2D54-4F7B-9B30-6EE3C44590BB} = {1E544DB2-7506-42FA-AC40-973A2CB0C231}
		{8CB0482E-34CD-4A09-A282-3C73B8910C39} = {1E544DB2-7506-42FA-AC40-973A2CB0C231}
	EndGlobalSection
	GlobalSection(ExtensibilityGlobals) = postSolution
		SolutionGuid = {5C16E79F-7C32-4E97-A71E-82FD26553A38}
	EndGlobalSection
EndGlobal
